
Microsoft Visual Studio Solution File, Format Version 12.00
# Visual Studio 14
VisualStudioVersion = 14.0.25420.1
MinimumVisualStudioVersion = 10.0.40219.1
Project("{FAE04EC0-301F-11D3-BF4B-00C04F79EFBC}") = "GVPAddIn", "WordAddIn\GVPAddIn.csproj", "{4F7604D0-10EC-46FA-B2EC-F0C1E9271ABB}"
EndProject
Project("{FAE04EC0-301F-11D3-BF4B-00C04F79EFBC}") = "Tests", "Tests\Tests.csproj", "{9A261BA8-8763-4FAC-A064-0E70597CFDAF}"
EndProject
Global
	GlobalSection(SolutionConfigurationPlatforms) = preSolution
		Debug|Any CPU = Debug|Any CPU
		Release|Any CPU = Release|Any CPU
	EndGlobalSection
	GlobalSection(ProjectConfigurationPlatforms) = postSolution
		{4F7604D0-10EC-46FA-B2EC-F0C1E9271ABB}.Debug|Any CPU.ActiveCfg = Debug|Any CPU
		{4F7604D0-10EC-46FA-B2EC-F0C1E9271ABB}.Debug|Any CPU.Build.0 = Debug|Any CPU
		{4F7604D0-10EC-46FA-B2EC-F0C1E9271ABB}.Release|Any CPU.ActiveCfg = Release|Any CPU
		{4F7604D0-10EC-46FA-B2EC-F0C1E9271ABB}.Release|Any CPU.Build.0 = Release|Any CPU
		{9A261BA8-8763-4FAC-A064-0E70597CFDAF}.Debug|Any CPU.ActiveCfg = Debug|Any CPU
		{9A261BA8-8763-4FAC-A064-0E70597CFDAF}.Debug|Any CPU.Build.0 = Debug|Any CPU
		{9A261BA8-8763-4FAC-A064-0E70597CFDAF}.Release|Any CPU.ActiveCfg = Release|Any CPU
		{9A261BA8-8763-4FAC-A064-0E70597CFDAF}.Release|Any CPU.Build.0 = Release|Any CPU
	EndGlobalSection
	GlobalSection(SolutionProperties) = preSolution
		HideSolutionNode = FALSE
	EndGlobalSection
EndGlobal
